// !$*UTF8*$!
{
	archiveVersion = 1;
	classes = {
	};
	objectVersion = 50;
	objects = {

/* Begin PBXBuildFile section */
		846D3C8A26C1C6A600C603BC /* ContactsSwiftUIApp.swift in Sources */ = {isa = PBXBuildFile; fileRef = 846D3C8926C1C6A600C603BC /* ContactsSwiftUIApp.swift */; };
		846D3C8C26C1C6A600C603BC /* HomeView.swift in Sources */ = {isa = PBXBuildFile; fileRef = 846D3C8B26C1C6A600C603BC /* HomeView.swift */; };
		846D3C8E26C1C6AA00C603BC /* Assets.xcassets in Resources */ = {isa = PBXBuildFile; fileRef = 846D3C8D26C1C6AA00C603BC /* Assets.xcassets */; };
		846D3C9126C1C6AA00C603BC /* Preview Assets.xcassets in Resources */ = {isa = PBXBuildFile; fileRef = 846D3C9026C1C6AA00C603BC /* Preview Assets.xcassets */; };
		846D3C9B26C1C92700C603BC /* RootView.swift in Sources */ = {isa = PBXBuildFile; fileRef = 846D3C9A26C1C92700C603BC /* RootView.swift */; };
		846D3C9D26C1CB6600C603BC /* ContactList.swift in Sources */ = {isa = PBXBuildFile; fileRef = 846D3C9C26C1CB6600C603BC /* ContactList.swift */; };
		846D3C9F26C1CBB700C603BC /* SectionsContactList.swift in Sources */ = {isa = PBXBuildFile; fileRef = 846D3C9E26C1CBB700C603BC /* SectionsContactList.swift */; };
		846D3CA226C24F4000C603BC /* Person.swift in Sources */ = {isa = PBXBuildFile; fileRef = 846D3CA126C24F4000C603BC /* Person.swift */; };
		846D3CA426C2507700C603BC /* DataManager.swift in Sources */ = {isa = PBXBuildFile; fileRef = 846D3CA326C2507700C603BC /* DataManager.swift */; };
		846D3CA626C2E83100C603BC /* ContactDetailsInfo.swift in Sources */ = {isa = PBXBuildFile; fileRef = 846D3CA526C2E83100C603BC /* ContactDetailsInfo.swift */; };
		84BCC3A026C82ED6002A20F8 /* AnimatedContactList.swift in Sources */ = {isa = PBXBuildFile; fileRef = 84BCC39F26C82ED6002A20F8 /* AnimatedContactList.swift */; };
		84BCC3A226C83279002A20F8 /* RowContactView.swift in Sources */ = {isa = PBXBuildFile; fileRef = 84BCC3A126C83279002A20F8 /* RowContactView.swift */; };
/* End PBXBuildFile section */

/* Begin PBXFileReference section */
		846D3C8626C1C6A600C603BC /* ContactsSwiftUI.app */ = {isa = PBXFileReference; explicitFileType = wrapper.application; includeInIndex = 0; path = ContactsSwiftUI.app; sourceTree = BUILT_PRODUCTS_DIR; };
		846D3C8926C1C6A600C603BC /* ContactsSwiftUIApp.swift */ = {isa = PBXFileReference; lastKnownFileType = sourcecode.swift; path = ContactsSwiftUIApp.swift; sourceTree = "<group>"; };
		846D3C8B26C1C6A600C603BC /* HomeView.swift */ = {isa = PBXFileReference; lastKnownFileType = sourcecode.swift; path = HomeView.swift; sourceTree = "<group>"; };
		846D3C8D26C1C6AA00C603BC /* Assets.xcassets */ = {isa = PBXFileReference; lastKnownFileType = folder.assetcatalog; path = Assets.xcassets; sourceTree = "<group>"; };
		846D3C9026C1C6AA00C603BC /* Preview Assets.xcassets */ = {isa = PBXFileReference; lastKnownFileType = folder.assetcatalog; path = "Preview Assets.xcassets"; sourceTree = "<group>"; };
		846D3C9226C1C6AA00C603BC /* Info.plist */ = {isa = PBXFileReference; lastKnownFileType = text.plist.xml; path = Info.plist; sourceTree = "<group>"; };
		846D3C9A26C1C92700C603BC /* RootView.swift */ = {isa = PBXFileReference; lastKnownFileType = sourcecode.swift; path = RootView.swift; sourceTree = "<group>"; };
		846D3C9C26C1CB6600C603BC /* ContactList.swift */ = {isa = PBXFileReference; lastKnownFileType = sourcecode.swift; path = ContactList.swift; sourceTree = "<group>"; };
		846D3C9E26C1CBB700C603BC /* SectionsContactList.swift */ = {isa = PBXFileReference; lastKnownFileType = sourcecode.swift; path = SectionsContactList.swift; sourceTree = "<group>"; };
		846D3CA126C24F4000C603BC /* Person.swift */ = {isa = PBXFileReference; lastKnownFileType = sourcecode.swift; path = Person.swift; sourceTree = "<group>"; };
		846D3CA326C2507700C603BC /* DataManager.swift */ = {isa = PBXFileReference; lastKnownFileType = sourcecode.swift; path = DataManager.swift; sourceTree = "<group>"; };
		846D3CA526C2E83100C603BC /* ContactDetailsInfo.swift */ = {isa = PBXFileReference; lastKnownFileType = sourcecode.swift; path = ContactDetailsInfo.swift; sourceTree = "<group>"; };
		84BCC39F26C82ED6002A20F8 /* AnimatedContactList.swift */ = {isa = PBXFileReference; lastKnownFileType = sourcecode.swift; path = AnimatedContactList.swift; sourceTree = "<group>"; };
		84BCC3A126C83279002A20F8 /* RowContactView.swift */ = {isa = PBXFileReference; lastKnownFileType = sourcecode.swift; path = RowContactView.swift; sourceTree = "<group>"; };
/* End PBXFileReference section */

/* Begin PBXFrameworksBuildPhase section */
		846D3C8326C1C6A600C603BC /* Frameworks */ = {
			isa = PBXFrameworksBuildPhase;
			buildActionMask = 2147483647;
			files = (
			);
			runOnlyForDeploymentPostprocessing = 0;
		};
/* End PBXFrameworksBuildPhase section */

/* Begin PBXGroup section */
		846D3C7D26C1C6A600C603BC = {
			isa = PBXGroup;
			children = (
				846D3C8826C1C6A600C603BC /* ContactsSwiftUI */,
				846D3C8726C1C6A600C603BC /* Products */,
			);
			sourceTree = "<group>";
		};
		846D3C8726C1C6A600C603BC /* Products */ = {
			isa = PBXGroup;
			children = (
				846D3C8626C1C6A600C603BC /* ContactsSwiftUI.app */,
			);
			name = Products;
			sourceTree = "<group>";
		};
		846D3C8826C1C6A600C603BC /* ContactsSwiftUI */ = {
			isa = PBXGroup;
			children = (
				846D3CA926C3190D00C603BC /* Main */,
				846D3CA026C24F3000C603BC /* Models */,
				846D3C9926C1C71100C603BC /* Managers */,
				846D3C9826C1C6FC00C603BC /* Views */,
				846D3C8D26C1C6AA00C603BC /* Assets.xcassets */,
				846D3C9226C1C6AA00C603BC /* Info.plist */,
				846D3C8F26C1C6AA00C603BC /* Preview Content */,
			);
			path = ContactsSwiftUI;
			sourceTree = "<group>";
		};
		846D3C8F26C1C6AA00C603BC /* Preview Content */ = {
			isa = PBXGroup;
			children = (
				846D3C9026C1C6AA00C603BC /* Preview Assets.xcassets */,
			);
			path = "Preview Content";
			sourceTree = "<group>";
		};
		846D3C9826C1C6FC00C603BC /* Views */ = {
			isa = PBXGroup;
			children = (
				846D3C8B26C1C6A600C603BC /* HomeView.swift */,
				846D3C9C26C1CB6600C603BC /* ContactList.swift */,
				846D3C9E26C1CBB700C603BC /* SectionsContactList.swift */,
				846D3CA526C2E83100C603BC /* ContactDetailsInfo.swift */,
				84BCC39F26C82ED6002A20F8 /* AnimatedContactList.swift */,
				84BCC3A126C83279002A20F8 /* RowContactView.swift */,
			);
			path = Views;
			sourceTree = "<group>";
		};
		846D3C9926C1C71100C603BC /* Managers */ = {
			isa = PBXGroup;
			children = (
				846D3CA326C2507700C603BC /* DataManager.swift */,
			);
			path = Managers;
			sourceTree = "<group>";
		};
		846D3CA026C24F3000C603BC /* Models */ = {
			isa = PBXGroup;
			children = (
				846D3CA126C24F4000C603BC /* Person.swift */,
			);
			path = Models;
			sourceTree = "<group>";
		};
		846D3CA926C3190D00C603BC /* Main */ = {
			isa = PBXGroup;
			children = (
				846D3C8926C1C6A600C603BC /* ContactsSwiftUIApp.swift */,
				846D3C9A26C1C92700C603BC /* RootView.swift */,
			);
			path = Main;
			sourceTree = "<group>";
		};
/* End PBXGroup section */

/* Begin PBXNativeTarget section */
		846D3C8526C1C6A600C603BC /* ContactsSwiftUI */ = {
			isa = PBXNativeTarget;
			buildConfigurationList = 846D3C9526C1C6AA00C603BC /* Build configuration list for PBXNativeTarget "ContactsSwiftUI" */;
			buildPhases = (
				846D3C8226C1C6A600C603BC /* Sources */,
				846D3C8326C1C6A600C603BC /* Frameworks */,
				846D3C8426C1C6A600C603BC /* Resources */,
			);
			buildRules = (
			);
			dependencies = (
			);
			name = ContactsSwiftUI;
			productName = ContactsSwiftUI;
			productReference = 846D3C8626C1C6A600C603BC /* ContactsSwiftUI.app */;
			productType = "com.apple.product-type.application";
		};
/* End PBXNativeTarget section */

/* Begin PBXProject section */
		846D3C7E26C1C6A600C603BC /* Project object */ = {
			isa = PBXProject;
			attributes = {
				LastSwiftUpdateCheck = 1250;
				LastUpgradeCheck = 1250;
				TargetAttributes = {
					846D3C8526C1C6A600C603BC = {
						CreatedOnToolsVersion = 12.5;
					};
				};
			};
			buildConfigurationList = 846D3C8126C1C6A600C603BC /* Build configuration list for PBXProject "ContactsSwiftUI" */;
			compatibilityVersion = "Xcode 9.3";
			developmentRegion = en;
			hasScannedForEncodings = 0;
			knownRegions = (
				en,
				Base,
			);
			mainGroup = 846D3C7D26C1C6A600C603BC;
			productRefGroup = 846D3C8726C1C6A600C603BC /* Products */;
			projectDirPath = "";
			projectRoot = "";
			targets = (
				846D3C8526C1C6A600C603BC /* ContactsSwiftUI */,
			);
		};
/* End PBXProject section */

/* Begin PBXResourcesBuildPhase section */
		846D3C8426C1C6A600C603BC /* Resources */ = {
			isa = PBXResourcesBuildPhase;
			buildActionMask = 2147483647;
			files = (
				846D3C9126C1C6AA00C603BC /* Preview Assets.xcassets in Resources */,
				846D3C8E26C1C6AA00C603BC /* Assets.xcassets in Resources */,
			);
			runOnlyForDeploymentPostprocessing = 0;
		};
/* End PBXResourcesBuildPhase section */

/* Begin PBXSourcesBuildPhase section */
		846D3C8226C1C6A600C603BC /* Sources */ = {
			isa = PBXSourcesBuildPhase;
			buildActionMask = 2147483647;
			files = (
				846D3CA226C24F4000C603BC /* Person.swift in Sources */,
				846D3CA626C2E83100C603BC /* ContactDetailsInfo.swift in Sources */,
				84BCC3A226C83279002A20F8 /* RowContactView.swift in Sources */,
				846D3C9D26C1CB6600C603BC /* ContactList.swift in Sources */,
				846D3C8C26C1C6A600C603BC /* HomeView.swift in Sources */,
				846D3CA426C2507700C603BC /* DataManager.swift in Sources */,
				846D3C8A26C1C6A600C603BC /* ContactsSwiftUIApp.swift in Sources */,
				846D3C9F26C1CBB700C603BC /* SectionsContactList.swift in Sources */,
				84BCC3A026C82ED6002A20F8 /* AnimatedContactList.swift in Sources */,
				846D3C9B26C1C92700C603BC /* RootView.swift in Sources */,
			);
			runOnlyForDeploymentPostprocessing = 0;
		};
/* End PBXSourcesBuildPhase section */

/* Begin XCBuildConfiguration section */
		846D3C9326C1C6AA00C603BC /* Debug */ = {
			isa = XCBuildConfiguration;
			buildSettings = {
				ALWAYS_SEARCH_USER_PATHS = NO;
				CLANG_ANALYZER_NONNULL = YES;
				CLANG_ANALYZER_NUMBER_OBJECT_CONVERSION = YES_AGGRESSIVE;
				CLANG_CXX_LANGUAGE_STANDARD = "gnu++14";
				CLANG_CXX_LIBRARY = "libc++";
				CLANG_ENABLE_MODULES = YES;
				CLANG_ENABLE_OBJC_ARC = YES;
				CLANG_ENABLE_OBJC_WEAK = YES;
				CLANG_WARN_BLOCK_CAPTURE_AUTORELEASING = YES;
				CLANG_WARN_BOOL_CONVERSION = YES;
				CLANG_WARN_COMMA = YES;
				CLANG_WARN_CONSTANT_CONVERSION = YES;
				CLANG_WARN_DEPRECATED_OBJC_IMPLEMENTATIONS = YES;
				CLANG_WARN_DIRECT_OBJC_ISA_USAGE = YES_ERROR;
				CLANG_WARN_DOCUMENTATION_COMMENTS = YES;
				CLANG_WARN_EMPTY_BODY = YES;
				CLANG_WARN_ENUM_CONVERSION = YES;
				CLANG_WARN_INFINITE_RECURSION = YES;
				CLANG_WARN_INT_CONVERSION = YES;
				CLANG_WARN_NON_LITERAL_NULL_CONVERSION = YES;
				CLANG_WARN_OBJC_IMPLICIT_RETAIN_SELF = YES;
				CLANG_WARN_OBJC_LITERAL_CONVERSION = YES;
				CLANG_WARN_OBJC_ROOT_CLASS = YES_ERROR;
				CLANG_WARN_QUOTED_INCLUDE_IN_FRAMEWORK_HEADER = YES;
				CLANG_WARN_RANGE_LOOP_ANALYSIS = YES;
				CLANG_WARN_STRICT_PROTOTYPES = YES;
				CLANG_WARN_SUSPICIOUS_MOVE = YES;
				CLANG_WARN_UNGUARDED_AVAILABILITY = YES_AGGRESSIVE;
				CLANG_WARN_UNREACHABLE_CODE = YES;
				CLANG_WARN__DUPLICATE_METHOD_MATCH = YES;
				COPY_PHASE_STRIP = NO;
				DEBUG_INFORMATION_FORMAT = dwarf;
				ENABLE_STRICT_OBJC_MSGSEND = YES;
				ENABLE_TESTABILITY = YES;
				GCC_C_LANGUAGE_STANDARD = gnu11;
				GCC_DYNAMIC_NO_PIC = NO;
				GCC_NO_COMMON_BLOCKS = YES;
				GCC_OPTIMIZATION_LEVEL = 0;
				GCC_PREPROCESSOR_DEFINITIONS = (
					"DEBUG=1",
					"$(inherited)",
				);
				GCC_WARN_64_TO_32_BIT_CONVERSION = YES;
				GCC_WARN_ABOUT_RETURN_TYPE = YES_ERROR;
				GCC_WARN_UNDECLARED_SELECTOR = YES;
				GCC_WARN_UNINITIALIZED_AUTOS = YES_AGGRESSIVE;
				GCC_WARN_UNUSED_FUNCTION = YES;
				GCC_WARN_UNUSED_VARIABLE = YES;
				IPHONEOS_DEPLOYMENT_TARGET = 14.5;
				MTL_ENABLE_DEBUG_INFO = INCLUDE_SOURCE;
				MTL_FAST_MATH = YES;
				ONLY_ACTIVE_ARCH = YES;
				SDKROOT = iphoneos;
				SWIFT_ACTIVE_COMPILATION_CONDITIONS = DEBUG;
				SWIFT_OPTIMIZATION_LEVEL = "-Onone";
			};
			name = Debug;
		};
		846D3C9426C1C6AA00C603BC /* Release */ = {
			isa = XCBuildConfiguration;
			buildSettings = {
				ALWAYS_SEARCH_USER_PATHS = NO;
				CLANG_ANALYZER_NONNULL = YES;
				CLANG_ANALYZER_NUMBER_OBJECT_CONVERSION = YES_AGGRESSIVE;
				CLANG_CXX_LANGUAGE_STANDARD = "gnu++14";
				CLANG_CXX_LIBRARY = "libc++";
				CLANG_ENABLE_MODULES = YES;
				CLANG_ENABLE_OBJC_ARC = YES;
				CLANG_ENABLE_OBJC_WEAK = YES;
				CLANG_WARN_BLOCK_CAPTURE_AUTORELEASING = YES;
				CLANG_WARN_BOOL_CONVERSION = YES;
				CLANG_WARN_COMMA = YES;
				CLANG_WARN_CONSTANT_CONVERSION = YES;
				CLANG_WARN_DEPRECATED_OBJC_IMPLEMENTATIONS = YES;
				CLANG_WARN_DIRECT_OBJC_ISA_USAGE = YES_ERROR;
				CLANG_WARN_DOCUMENTATION_COMMENTS = YES;
				CLANG_WARN_EMPTY_BODY = YES;
				CLANG_WARN_ENUM_CONVERSION = YES;
				CLANG_WARN_INFINITE_RECURSION = YES;
				CLANG_WARN_INT_CONVERSION = YES;
				CLANG_WARN_NON_LITERAL_NULL_CONVERSION = YES;
				CLANG_WARN_OBJC_IMPLICIT_RETAIN_SELF = YES;
				CLANG_WARN_OBJC_LITERAL_CONVERSION = YES;
				CLANG_WARN_OBJC_ROOT_CLASS = YES_ERROR;
				CLANG_WARN_QUOTED_INCLUDE_IN_FRAMEWORK_HEADER = YES;
				CLANG_WARN_RANGE_LOOP_ANALYSIS = YES;
				CLANG_WARN_STRICT_PROTOTYPES = YES;
				CLANG_WARN_SUSPICIOUS_MOVE = YES;
				CLANG_WARN_UNGUARDED_AVAILABILITY = YES_AGGRESSIVE;
				CLANG_WARN_UNREACHABLE_CODE = YES;
				CLANG_WARN__DUPLICATE_METHOD_MATCH = YES;
				COPY_PHASE_STRIP = NO;
				DEBUG_INFORMATION_FORMAT = "dwarf-with-dsym";
				ENABLE_NS_ASSERTIONS = NO;
				ENABLE_STRICT_OBJC_MSGSEND = YES;
				GCC_C_LANGUAGE_STANDARD = gnu11;
				GCC_NO_COMMON_BLOCKS = YES;
				GCC_WARN_64_TO_32_BIT_CONVERSION = YES;
				GCC_WARN_ABOUT_RETURN_TYPE = YES_ERROR;
				GCC_WARN_UNDECLARED_SELECTOR = YES;
				GCC_WARN_UNINITIALIZED_AUTOS = YES_AGGRESSIVE;
				GCC_WARN_UNUSED_FUNCTION = YES;
				GCC_WARN_UNUSED_VARIABLE = YES;
				IPHONEOS_DEPLOYMENT_TARGET = 14.5;
				MTL_ENABLE_DEBUG_INFO = NO;
				MTL_FAST_MATH = YES;
				SDKROOT = iphoneos;
				SWIFT_COMPILATION_MODE = wholemodule;
				SWIFT_OPTIMIZATION_LEVEL = "-O";
				VALIDATE_PRODUCT = YES;
			};
			name = Release;
		};
		846D3C9626C1C6AA00C603BC /* Debug */ = {
			isa = XCBuildConfiguration;
			buildSettings = {
				ASSETCATALOG_COMPILER_APPICON_NAME = AppIcon;
				ASSETCATALOG_COMPILER_GLOBAL_ACCENT_COLOR_NAME = AccentColor;
				CODE_SIGN_STYLE = Automatic;
				DEVELOPMENT_ASSET_PATHS = "\"ContactsSwiftUI/Preview Content\"";
				DEVELOPMENT_TEAM = S46HN8WG63;
				ENABLE_PREVIEWS = YES;
				INFOPLIST_FILE = ContactsSwiftUI/Info.plist;
				IPHONEOS_DEPLOYMENT_TARGET = 14.0;
				LD_RUNPATH_SEARCH_PATHS = (
					"$(inherited)",
					"@executable_path/Frameworks",
				);
				PRODUCT_BUNDLE_IDENTIFIER = com.VSTsyganov.ContactsSwiftUI;
				PRODUCT_NAME = "$(TARGET_NAME)";
				SWIFT_VERSION = 5.0;
				TARGETED_DEVICE_FAMILY = "1,2";
			};
			name = Debug;
		};
		846D3C9726C1C6AA00C603BC /* Release */ = {
			isa = XCBuildConfiguration;
			buildSettings = {
				ASSETCATALOG_COMPILER_APPICON_NAME = AppIcon;
				ASSETCATALOG_COMPILER_GLOBAL_ACCENT_COLOR_NAME = AccentColor;
				CODE_SIGN_STYLE = Automatic;
				DEVELOPMENT_ASSET_PATHS = "\"ContactsSwiftUI/Preview Content\"";
				DEVELOPMENT_TEAM = S46HN8WG63;
				ENABLE_PREVIEWS = YES;
				INFOPLIST_FILE = ContactsSwiftUI/Info.plist;
				IPHONEOS_DEPLOYMENT_TARGET = 14.0;
				LD_RUNPATH_SEARCH_PATHS = (
					"$(inherited)",
					"@executable_path/Frameworks",
				);
				PRODUCT_BUNDLE_IDENTIFIER = com.VSTsyganov.ContactsSwiftUI;
				PRODUCT_NAME = "$(TARGET_NAME)";
				SWIFT_VERSION = 5.0;
				TARGETED_DEVICE_FAMILY = "1,2";
			};
			name = Release;
		};
/* End XCBuildConfiguration section */

/* Begin XCConfigurationList section */
		846D3C8126C1C6A600C603BC /* Build configuration list for PBXProject "ContactsSwiftUI" */ = {
			isa = XCConfigurationList;
			buildConfigurations = (
				846D3C9326C1C6AA00C603BC /* Debug */,
				846D3C9426C1C6AA00C603BC /* Release */,
			);
			defaultConfigurationIsVisible = 0;
			defaultConfigurationName = Release;
		};
		846D3C9526C1C6AA00C603BC /* Build configuration list for PBXNativeTarget "ContactsSwiftUI" */ = {
			isa = XCConfigurationList;
			buildConfigurations = (
				846D3C9626C1C6AA00C603BC /* Debug */,
				846D3C9726C1C6AA00C603BC /* Release */,
			);
			defaultConfigurationIsVisible = 0;
			defaultConfigurationName = Release;
		};
/* End XCConfigurationList section */
	};
	rootObject = 846D3C7E26C1C6A600C603BC /* Project object */;
}
